
Microsoft Visual Studio Solution File, Format Version 12.00
# Visual Studio Version 17
VisualStudioVersion = 17.10.35122.118
MinimumVisualStudioVersion = 10.0.40219.1
Project("{888888A0-9F3D-457C-B088-3A5042F75D52}") = "Game", "Game.pyproj", "{82709CA8-82F0-4988-A5F9-94354B06F636}"
EndProject
Global
	GlobalSection(SolutionConfigurationPlatforms) = preSolution
		Debug|Any CPU = Debug|Any CPU
		Release|Any CPU = Release|Any CPU
	EndGlobalSection
	GlobalSection(ProjectConfigurationPlatforms) = postSolution
		{82709CA8-82F0-4988-A5F9-94354B06F636}.Debug|Any CPU.ActiveCfg = Debug|Any CPU
		{82709CA8-82F0-4988-A5F9-94354B06F636}.Release|Any CPU.ActiveCfg = Release|Any CPU
	EndGlobalSection
	GlobalSection(SolutionProperties) = preSolution
		HideSolutionNode = FALSE
	EndGlobalSection
	GlobalSection(ExtensibilityGlobals) = postSolution
		SolutionGuid = {4E66D7A5-910F-4CD1-8AB0-725CC9B317BE}
	EndGlobalSection
EndGlobal
